
Microsoft Visual Studio Solution File, Format Version 12.00
# Visual Studio Version 17
VisualStudioVersion = 17.0.31919.166
MinimumVisualStudioVersion = 10.0.40219.1
Project("{2150E333-8FDC-42A3-9474-1A3956D46DE8}") = "src", "src", "{932D8224-11F6-4D07-B109-DA28AD288A63}"
EndProject
Project("{2150E333-8FDC-42A3-9474-1A3956D46DE8}") = "Services", "Services", "{036178E2-27E4-4D0B-B034-02745F8190BB}"
EndProject
Project("{2150E333-8FDC-42A3-9474-1A3956D46DE8}") = "ApiGateways", "ApiGateways", "{1F695341-41B3-4490-9FEB-73342C76ADFF}"
EndProject
Project("{2150E333-8FDC-42A3-9474-1A3956D46DE8}") = "BuildingBlocks", "BuildingBlocks", "{50FE2C66-54C1-4CA7-9198-5CDAEF544E9A}"
EndProject
Project("{2150E333-8FDC-42A3-9474-1A3956D46DE8}") = "Web Apps", "Web Apps", "{3A7D54D5-1CA0-48DC-8C4A-33A0DE769E6F}"
EndProject
Project("{2150E333-8FDC-42A3-9474-1A3956D46DE8}") = "tests", "tests", "{85373FEE-18D4-4FBA-8EDB-73ACB952A62D}"
EndProject
Project("{2150E333-8FDC-42A3-9474-1A3956D46DE8}") = "ServiceTests", "ServiceTests", "{AAF60640-F0A1-4DD2-A6CF-692DCC2A03B2}"
EndProject
Project("{2150E333-8FDC-42A3-9474-1A3956D46DE8}") = "Identity", "Identity", "{AF4B22E7-FEB3-425F-98A7-2B51515D6801}"
EndProject
Project("{9A19103F-16F7-4668-BE54-9A1E7A4F7556}") = "Identity.API", "Services\Identity\Identity.API\Identity.API.csproj", "{AD938DB0-252B-4CF1-84F7-4358C7DF3452}"
EndProject
Project("{2150E333-8FDC-42A3-9474-1A3956D46DE8}") = "Ordering", "Ordering", "{DB0D7A3D-C251-463F-A334-E56BF7FDE815}"
EndProject
Project("{9A19103F-16F7-4668-BE54-9A1E7A4F7556}") = "Ordering.Domain", "Services\Ordering\Ordering.Domain\Ordering.Domain.csproj", "{1D055128-E2C1-4668-AB7E-44F56A78A2E7}"
EndProject
Project("{2150E333-8FDC-42A3-9474-1A3956D46DE8}") = "EventBus", "EventBus", "{F3918195-E9B5-42F8-B51A-5931BB7C361F}"
EndProject
Project("{9A19103F-16F7-4668-BE54-9A1E7A4F7556}") = "EventBus", "BuildingBlocks\EventBus\EventBus\EventBus.csproj", "{7C721B02-7C01-4F35-9AAB-7A700E3C8293}"
EndProject
Project("{FAE04EC0-301F-11D3-BF4B-00C04F79EFBC}") = "EventBusRabbitMQ", "BuildingBlocks\EventBus\EventBusRabbitMQ\EventBusRabbitMQ.csproj", "{93AC63AB-DCAB-4DFE-80ED-5949C3FA36E8}"
EndProject
Project("{FAE04EC0-301F-11D3-BF4B-00C04F79EFBC}") = "EventBusServiceBus", "BuildingBlocks\EventBus\EventBusServiceBus\EventBusServiceBus.csproj", "{B04A50A9-EA4E-4C11-9DCA-9E64049CB20F}"
EndProject
Project("{FAE04EC0-301F-11D3-BF4B-00C04F79EFBC}") = "IntegrationEventLogEF", "BuildingBlocks\EventBus\IntegrationEventLogEF\IntegrationEventLogEF.csproj", "{5B37B5FF-531C-4541-9386-20B9A24E2CE2}"
EndProject
Project("{2150E333-8FDC-42A3-9474-1A3956D46DE8}") = "Devspaces.Support", "Devspaces.Support", "{D73735F5-D7E4-4CBB-A139-35C7DFAE2EFF}"
EndProject
Project("{FAE04EC0-301F-11D3-BF4B-00C04F79EFBC}") = "Devspaces.Support", "BuildingBlocks\Devspaces.Support\Devspaces.Support\Devspaces.Support.csproj", "{1C60E11B-ED72-4B02-BF5F-4F92C9599365}"
EndProject
Project("{2150E333-8FDC-42A3-9474-1A3956D46DE8}") = "WebHost", "WebHost", "{18AD840D-113D-4851-A9FF-94CA51365C92}"
EndProject
Project("{FAE04EC0-301F-11D3-BF4B-00C04F79EFBC}") = "WebHost.Customization", "BuildingBlocks\WebHostCustomization\WebHost.Customization\WebHost.Customization.csproj", "{6C7C714C-20BC-468E-AF4C-57686BA14923}"
EndProject
Project("{FAE04EC0-301F-11D3-BF4B-00C04F79EFBC}") = "Ordering.Infrastructure", "Services\Ordering\Ordering.Infrastructure\Ordering.Infrastructure.csproj", "{8A23DDE9-1B47-4ADD-BCF7-1C39F6E4DE90}"
EndProject
Project("{FAE04EC0-301F-11D3-BF4B-00C04F79EFBC}") = "Ordering.BackgroundTasks", "Services\Ordering\Ordering.BackgroundTasks\Ordering.BackgroundTasks.csproj", "{371E809A-C578-440A-A7E2-62966DCA6F54}"
EndProject
Project("{FAE04EC0-301F-11D3-BF4B-00C04F79EFBC}") = "Ordering.API", "Services\Ordering\Ordering.API\Ordering.API.csproj", "{EBECF966-76A9-4182-9D4A-E0A14EEF6CF2}"
EndProject
Project("{2150E333-8FDC-42A3-9474-1A3956D46DE8}") = "Solution Items", "Solution Items", "{73AA9E8D-6D6E-49AC-9B04-19C7923CB176}"
	ProjectSection(SolutionItems) = preProject
		.editorconfig = .editorconfig
	EndProjectSection
EndProject
Project("{FAE04EC0-301F-11D3-BF4B-00C04F79EFBC}") = "Ordering.SignalrHub", "Services\Ordering\Ordering.SignalrHub\Ordering.SignalrHub.csproj", "{82C1BD3A-32E5-4DFE-A0DD-C44911FD4015}"
EndProject
Project("{2150E333-8FDC-42A3-9474-1A3956D46DE8}") = "tests", "tests", "{289AA10F-7CAA-4004-8F05-EF61DBB78CB0}"
EndProject
Project("{FAE04EC0-301F-11D3-BF4B-00C04F79EFBC}") = "Ordering.UnitTests", "Services\Ordering\tests\Ordering.UnitTests\Ordering.UnitTests.csproj", "{6DE2BE02-C2A3-4CC8-A092-5B9A3CAB1163}"
EndProject
Project("{FAE04EC0-301F-11D3-BF4B-00C04F79EFBC}") = "Ordering.FunctionalTests", "Services\Ordering\tests\Ordering.FunctionalTests\Ordering.FunctionalTests.csproj", "{35B3BCCC-24A2-4069-A88E-B2ED620B447E}"
EndProject
Project("{2150E333-8FDC-42A3-9474-1A3956D46DE8}") = "Basket", "Basket", "{537F51B3-5E52-491A-A466-1B4262AEA2C6}"
EndProject
Project("{FAE04EC0-301F-11D3-BF4B-00C04F79EFBC}") = "Basket.API", "Services\Basket\Basket.API\Basket.API.csproj", "{97E876D1-AC4F-4EFE-B1B2-977D42C89CDD}"
EndProject
Project("{2150E333-8FDC-42A3-9474-1A3956D46DE8}") = "tests", "tests", "{8DCB7BB2-CEEE-40EE-B841-665AEB80F268}"
EndProject
Project("{FAE04EC0-301F-11D3-BF4B-00C04F79EFBC}") = "Basket.UnitTests", "Services\Basket\Basket.UnitTests\Basket.UnitTests.csproj", "{EB5E91E6-BEFC-43CE-9F9C-1A79DCBCFBEF}"
EndProject
Project("{FAE04EC0-301F-11D3-BF4B-00C04F79EFBC}") = "Basket.FunctionalTests", "Services\Basket\Basket.FunctionalTests\Basket.FunctionalTests.csproj", "{74959FA1-C75D-4CCD-BA0D-DA12A53946A1}"
EndProject
Project("{2150E333-8FDC-42A3-9474-1A3956D46DE8}") = "Payment", "Payment", "{9948DAA5-11D5-4EF6-AF2D-A38E139A3A6F}"
EndProject
Project("{FAE04EC0-301F-11D3-BF4B-00C04F79EFBC}") = "Payment.API", "Services\Payment\Payment.API\Payment.API.csproj", "{58948991-16C1-487A-8BFE-9F78E529D718}"
EndProject
Project("{2150E333-8FDC-42A3-9474-1A3956D46DE8}") = "Catalog", "Catalog", "{A2785A8A-F4A2-410E-BA02-A1B3E8797D64}"
EndProject
Project("{FAE04EC0-301F-11D3-BF4B-00C04F79EFBC}") = "Catalog.API", "Services\Catalog\Catalog.API\Catalog.API.csproj", "{8C13DAB5-2D08-467D-89BA-ED2495F117E5}"
EndProject
Project("{2150E333-8FDC-42A3-9474-1A3956D46DE8}") = "tests", "tests", "{B0EC9681-4E86-4C12-99BE-B7449A1BD6A1}"
EndProject
Project("{FAE04EC0-301F-11D3-BF4B-00C04F79EFBC}") = "Catalog.UnitTests", "Services\Catalog\Catalog.UnitTests\Catalog.UnitTests.csproj", "{DCCE100A-32C3-4A2E-B6AC-D3BFDF08160D}"
EndProject
Project("{FAE04EC0-301F-11D3-BF4B-00C04F79EFBC}") = "Catalog.FunctionalTests", "Services\Catalog\Catalog.FunctionalTests\Catalog.FunctionalTests.csproj", "{04A2215F-625D-43F1-9475-1E1FA5577739}"
EndProject
Project("{2150E333-8FDC-42A3-9474-1A3956D46DE8}") = "Webhooks", "Webhooks", "{6EB4AD22-AF0F-4B4A-88F2-BD2CABD189FC}"
EndProject
Project("{FAE04EC0-301F-11D3-BF4B-00C04F79EFBC}") = "Webhooks.API", "Services\Webhooks\Webhooks.API\Webhooks.API.csproj", "{C54B9C99-8D99-4EFE-B44F-38F3E7D62E59}"
EndProject
Global
	GlobalSection(SolutionConfigurationPlatforms) = preSolution
		Debug|Any CPU = Debug|Any CPU
		Release|Any CPU = Release|Any CPU
	EndGlobalSection
	GlobalSection(ProjectConfigurationPlatforms) = postSolution
		{AD938DB0-252B-4CF1-84F7-4358C7DF3452}.Debug|Any CPU.ActiveCfg = Debug|Any CPU
		{AD938DB0-252B-4CF1-84F7-4358C7DF3452}.Debug|Any CPU.Build.0 = Debug|Any CPU
		{AD938DB0-252B-4CF1-84F7-4358C7DF3452}.Release|Any CPU.ActiveCfg = Release|Any CPU
		{AD938DB0-252B-4CF1-84F7-4358C7DF3452}.Release|Any CPU.Build.0 = Release|Any CPU
		{1D055128-E2C1-4668-AB7E-44F56A78A2E7}.Debug|Any CPU.ActiveCfg = Debug|Any CPU
		{1D055128-E2C1-4668-AB7E-44F56A78A2E7}.Debug|Any CPU.Build.0 = Debug|Any CPU
		{1D055128-E2C1-4668-AB7E-44F56A78A2E7}.Release|Any CPU.ActiveCfg = Release|Any CPU
		{1D055128-E2C1-4668-AB7E-44F56A78A2E7}.Release|Any CPU.Build.0 = Release|Any CPU
		{7C721B02-7C01-4F35-9AAB-7A700E3C8293}.Debug|Any CPU.ActiveCfg = Debug|Any CPU
		{7C721B02-7C01-4F35-9AAB-7A700E3C8293}.Debug|Any CPU.Build.0 = Debug|Any CPU
		{7C721B02-7C01-4F35-9AAB-7A700E3C8293}.Release|Any CPU.ActiveCfg = Release|Any CPU
		{7C721B02-7C01-4F35-9AAB-7A700E3C8293}.Release|Any CPU.Build.0 = Release|Any CPU
		{93AC63AB-DCAB-4DFE-80ED-5949C3FA36E8}.Debug|Any CPU.ActiveCfg = Debug|Any CPU
		{93AC63AB-DCAB-4DFE-80ED-5949C3FA36E8}.Debug|Any CPU.Build.0 = Debug|Any CPU
		{93AC63AB-DCAB-4DFE-80ED-5949C3FA36E8}.Release|Any CPU.ActiveCfg = Release|Any CPU
		{93AC63AB-DCAB-4DFE-80ED-5949C3FA36E8}.Release|Any CPU.Build.0 = Release|Any CPU
		{B04A50A9-EA4E-4C11-9DCA-9E64049CB20F}.Debug|Any CPU.ActiveCfg = Debug|Any CPU
		{B04A50A9-EA4E-4C11-9DCA-9E64049CB20F}.Debug|Any CPU.Build.0 = Debug|Any CPU
		{B04A50A9-EA4E-4C11-9DCA-9E64049CB20F}.Release|Any CPU.ActiveCfg = Release|Any CPU
		{B04A50A9-EA4E-4C11-9DCA-9E64049CB20F}.Release|Any CPU.Build.0 = Release|Any CPU
		{5B37B5FF-531C-4541-9386-20B9A24E2CE2}.Debug|Any CPU.ActiveCfg = Debug|Any CPU
		{5B37B5FF-531C-4541-9386-20B9A24E2CE2}.Debug|Any CPU.Build.0 = Debug|Any CPU
		{5B37B5FF-531C-4541-9386-20B9A24E2CE2}.Release|Any CPU.ActiveCfg = Release|Any CPU
		{5B37B5FF-531C-4541-9386-20B9A24E2CE2}.Release|Any CPU.Build.0 = Release|Any CPU
		{1C60E11B-ED72-4B02-BF5F-4F92C9599365}.Debug|Any CPU.ActiveCfg = Debug|Any CPU
		{1C60E11B-ED72-4B02-BF5F-4F92C9599365}.Debug|Any CPU.Build.0 = Debug|Any CPU
		{1C60E11B-ED72-4B02-BF5F-4F92C9599365}.Release|Any CPU.ActiveCfg = Release|Any CPU
		{1C60E11B-ED72-4B02-BF5F-4F92C9599365}.Release|Any CPU.Build.0 = Release|Any CPU
		{6C7C714C-20BC-468E-AF4C-57686BA14923}.Debug|Any CPU.ActiveCfg = Debug|Any CPU
		{6C7C714C-20BC-468E-AF4C-57686BA14923}.Debug|Any CPU.Build.0 = Debug|Any CPU
		{6C7C714C-20BC-468E-AF4C-57686BA14923}.Release|Any CPU.ActiveCfg = Release|Any CPU
		{6C7C714C-20BC-468E-AF4C-57686BA14923}.Release|Any CPU.Build.0 = Release|Any CPU
		{8A23DDE9-1B47-4ADD-BCF7-1C39F6E4DE90}.Debug|Any CPU.ActiveCfg = Debug|Any CPU
		{8A23DDE9-1B47-4ADD-BCF7-1C39F6E4DE90}.Debug|Any CPU.Build.0 = Debug|Any CPU
		{8A23DDE9-1B47-4ADD-BCF7-1C39F6E4DE90}.Release|Any CPU.ActiveCfg = Release|Any CPU
		{8A23DDE9-1B47-4ADD-BCF7-1C39F6E4DE90}.Release|Any CPU.Build.0 = Release|Any CPU
		{371E809A-C578-440A-A7E2-62966DCA6F54}.Debug|Any CPU.ActiveCfg = Debug|Any CPU
		{371E809A-C578-440A-A7E2-62966DCA6F54}.Debug|Any CPU.Build.0 = Debug|Any CPU
		{371E809A-C578-440A-A7E2-62966DCA6F54}.Release|Any CPU.ActiveCfg = Release|Any CPU
		{371E809A-C578-440A-A7E2-62966DCA6F54}.Release|Any CPU.Build.0 = Release|Any CPU
		{EBECF966-76A9-4182-9D4A-E0A14EEF6CF2}.Debug|Any CPU.ActiveCfg = Debug|Any CPU
		{EBECF966-76A9-4182-9D4A-E0A14EEF6CF2}.Debug|Any CPU.Build.0 = Debug|Any CPU
		{EBECF966-76A9-4182-9D4A-E0A14EEF6CF2}.Release|Any CPU.ActiveCfg = Release|Any CPU
		{EBECF966-76A9-4182-9D4A-E0A14EEF6CF2}.Release|Any CPU.Build.0 = Release|Any CPU
		{82C1BD3A-32E5-4DFE-A0DD-C44911FD4015}.Debug|Any CPU.ActiveCfg = Debug|Any CPU
		{82C1BD3A-32E5-4DFE-A0DD-C44911FD4015}.Debug|Any CPU.Build.0 = Debug|Any CPU
		{82C1BD3A-32E5-4DFE-A0DD-C44911FD4015}.Release|Any CPU.ActiveCfg = Release|Any CPU
		{82C1BD3A-32E5-4DFE-A0DD-C44911FD4015}.Release|Any CPU.Build.0 = Release|Any CPU
		{6DE2BE02-C2A3-4CC8-A092-5B9A3CAB1163}.Debug|Any CPU.ActiveCfg = Debug|Any CPU
		{6DE2BE02-C2A3-4CC8-A092-5B9A3CAB1163}.Debug|Any CPU.Build.0 = Debug|Any CPU
		{6DE2BE02-C2A3-4CC8-A092-5B9A3CAB1163}.Release|Any CPU.ActiveCfg = Release|Any CPU
		{6DE2BE02-C2A3-4CC8-A092-5B9A3CAB1163}.Release|Any CPU.Build.0 = Release|Any CPU
		{35B3BCCC-24A2-4069-A88E-B2ED620B447E}.Debug|Any CPU.ActiveCfg = Debug|Any CPU
		{35B3BCCC-24A2-4069-A88E-B2ED620B447E}.Debug|Any CPU.Build.0 = Debug|Any CPU
		{35B3BCCC-24A2-4069-A88E-B2ED620B447E}.Release|Any CPU.ActiveCfg = Release|Any CPU
		{35B3BCCC-24A2-4069-A88E-B2ED620B447E}.Release|Any CPU.Build.0 = Release|Any CPU
		{97E876D1-AC4F-4EFE-B1B2-977D42C89CDD}.Debug|Any CPU.ActiveCfg = Debug|Any CPU
		{97E876D1-AC4F-4EFE-B1B2-977D42C89CDD}.Debug|Any CPU.Build.0 = Debug|Any CPU
		{97E876D1-AC4F-4EFE-B1B2-977D42C89CDD}.Release|Any CPU.ActiveCfg = Release|Any CPU
		{97E876D1-AC4F-4EFE-B1B2-977D42C89CDD}.Release|Any CPU.Build.0 = Release|Any CPU
		{EB5E91E6-BEFC-43CE-9F9C-1A79DCBCFBEF}.Debug|Any CPU.ActiveCfg = Debug|Any CPU
		{EB5E91E6-BEFC-43CE-9F9C-1A79DCBCFBEF}.Debug|Any CPU.Build.0 = Debug|Any CPU
		{EB5E91E6-BEFC-43CE-9F9C-1A79DCBCFBEF}.Release|Any CPU.ActiveCfg = Release|Any CPU
		{EB5E91E6-BEFC-43CE-9F9C-1A79DCBCFBEF}.Release|Any CPU.Build.0 = Release|Any CPU
		{74959FA1-C75D-4CCD-BA0D-DA12A53946A1}.Debug|Any CPU.ActiveCfg = Debug|Any CPU
		{74959FA1-C75D-4CCD-BA0D-DA12A53946A1}.Debug|Any CPU.Build.0 = Debug|Any CPU
		{74959FA1-C75D-4CCD-BA0D-DA12A53946A1}.Release|Any CPU.ActiveCfg = Release|Any CPU
		{74959FA1-C75D-4CCD-BA0D-DA12A53946A1}.Release|Any CPU.Build.0 = Release|Any CPU
		{58948991-16C1-487A-8BFE-9F78E529D718}.Debug|Any CPU.ActiveCfg = Debug|Any CPU
		{58948991-16C1-487A-8BFE-9F78E529D718}.Debug|Any CPU.Build.0 = Debug|Any CPU
		{58948991-16C1-487A-8BFE-9F78E529D718}.Release|Any CPU.ActiveCfg = Release|Any CPU
		{58948991-16C1-487A-8BFE-9F78E529D718}.Release|Any CPU.Build.0 = Release|Any CPU
		{8C13DAB5-2D08-467D-89BA-ED2495F117E5}.Debug|Any CPU.ActiveCfg = Debug|Any CPU
		{8C13DAB5-2D08-467D-89BA-ED2495F117E5}.Debug|Any CPU.Build.0 = Debug|Any CPU
		{8C13DAB5-2D08-467D-89BA-ED2495F117E5}.Release|Any CPU.ActiveCfg = Release|Any CPU
		{8C13DAB5-2D08-467D-89BA-ED2495F117E5}.Release|Any CPU.Build.0 = Release|Any CPU
		{DCCE100A-32C3-4A2E-B6AC-D3BFDF08160D}.Debug|Any CPU.ActiveCfg = Debug|Any CPU
		{DCCE100A-32C3-4A2E-B6AC-D3BFDF08160D}.Debug|Any CPU.Build.0 = Debug|Any CPU
		{DCCE100A-32C3-4A2E-B6AC-D3BFDF08160D}.Release|Any CPU.ActiveCfg = Release|Any CPU
		{DCCE100A-32C3-4A2E-B6AC-D3BFDF08160D}.Release|Any CPU.Build.0 = Release|Any CPU
		{04A2215F-625D-43F1-9475-1E1FA5577739}.Debug|Any CPU.ActiveCfg = Debug|Any CPU
		{04A2215F-625D-43F1-9475-1E1FA5577739}.Debug|Any CPU.Build.0 = Debug|Any CPU
		{04A2215F-625D-43F1-9475-1E1FA5577739}.Release|Any CPU.ActiveCfg = Release|Any CPU
		{04A2215F-625D-43F1-9475-1E1FA5577739}.Release|Any CPU.Build.0 = Release|Any CPU
		{C54B9C99-8D99-4EFE-B44F-38F3E7D62E59}.Debug|Any CPU.ActiveCfg = Debug|Any CPU
		{C54B9C99-8D99-4EFE-B44F-38F3E7D62E59}.Debug|Any CPU.Build.0 = Debug|Any CPU
		{C54B9C99-8D99-4EFE-B44F-38F3E7D62E59}.Release|Any CPU.ActiveCfg = Release|Any CPU
		{C54B9C99-8D99-4EFE-B44F-38F3E7D62E59}.Release|Any CPU.Build.0 = Release|Any CPU
	EndGlobalSection
	GlobalSection(SolutionProperties) = preSolution
		HideSolutionNode = FALSE
	EndGlobalSection
	GlobalSection(NestedProjects) = preSolution
		{036178E2-27E4-4D0B-B034-02745F8190BB} = {932D8224-11F6-4D07-B109-DA28AD288A63}
		{1F695341-41B3-4490-9FEB-73342C76ADFF} = {932D8224-11F6-4D07-B109-DA28AD288A63}
		{50FE2C66-54C1-4CA7-9198-5CDAEF544E9A} = {932D8224-11F6-4D07-B109-DA28AD288A63}
		{3A7D54D5-1CA0-48DC-8C4A-33A0DE769E6F} = {932D8224-11F6-4D07-B109-DA28AD288A63}
		{AAF60640-F0A1-4DD2-A6CF-692DCC2A03B2} = {85373FEE-18D4-4FBA-8EDB-73ACB952A62D}
		{AF4B22E7-FEB3-425F-98A7-2B51515D6801} = {036178E2-27E4-4D0B-B034-02745F8190BB}
		{AD938DB0-252B-4CF1-84F7-4358C7DF3452} = {AF4B22E7-FEB3-425F-98A7-2B51515D6801}
		{DB0D7A3D-C251-463F-A334-E56BF7FDE815} = {036178E2-27E4-4D0B-B034-02745F8190BB}
		{1D055128-E2C1-4668-AB7E-44F56A78A2E7} = {DB0D7A3D-C251-463F-A334-E56BF7FDE815}
		{F3918195-E9B5-42F8-B51A-5931BB7C361F} = {50FE2C66-54C1-4CA7-9198-5CDAEF544E9A}
		{7C721B02-7C01-4F35-9AAB-7A700E3C8293} = {F3918195-E9B5-42F8-B51A-5931BB7C361F}
		{93AC63AB-DCAB-4DFE-80ED-5949C3FA36E8} = {F3918195-E9B5-42F8-B51A-5931BB7C361F}
		{B04A50A9-EA4E-4C11-9DCA-9E64049CB20F} = {F3918195-E9B5-42F8-B51A-5931BB7C361F}
		{5B37B5FF-531C-4541-9386-20B9A24E2CE2} = {F3918195-E9B5-42F8-B51A-5931BB7C361F}
		{D73735F5-D7E4-4CBB-A139-35C7DFAE2EFF} = {50FE2C66-54C1-4CA7-9198-5CDAEF544E9A}
		{1C60E11B-ED72-4B02-BF5F-4F92C9599365} = {D73735F5-D7E4-4CBB-A139-35C7DFAE2EFF}
		{18AD840D-113D-4851-A9FF-94CA51365C92} = {50FE2C66-54C1-4CA7-9198-5CDAEF544E9A}
		{6C7C714C-20BC-468E-AF4C-57686BA14923} = {18AD840D-113D-4851-A9FF-94CA51365C92}
		{8A23DDE9-1B47-4ADD-BCF7-1C39F6E4DE90} = {DB0D7A3D-C251-463F-A334-E56BF7FDE815}
		{371E809A-C578-440A-A7E2-62966DCA6F54} = {DB0D7A3D-C251-463F-A334-E56BF7FDE815}
		{EBECF966-76A9-4182-9D4A-E0A14EEF6CF2} = {DB0D7A3D-C251-463F-A334-E56BF7FDE815}
		{82C1BD3A-32E5-4DFE-A0DD-C44911FD4015} = {DB0D7A3D-C251-463F-A334-E56BF7FDE815}
		{289AA10F-7CAA-4004-8F05-EF61DBB78CB0} = {DB0D7A3D-C251-463F-A334-E56BF7FDE815}
		{6DE2BE02-C2A3-4CC8-A092-5B9A3CAB1163} = {289AA10F-7CAA-4004-8F05-EF61DBB78CB0}
		{35B3BCCC-24A2-4069-A88E-B2ED620B447E} = {289AA10F-7CAA-4004-8F05-EF61DBB78CB0}
		{537F51B3-5E52-491A-A466-1B4262AEA2C6} = {036178E2-27E4-4D0B-B034-02745F8190BB}
		{97E876D1-AC4F-4EFE-B1B2-977D42C89CDD} = {537F51B3-5E52-491A-A466-1B4262AEA2C6}
		{8DCB7BB2-CEEE-40EE-B841-665AEB80F268} = {537F51B3-5E52-491A-A466-1B4262AEA2C6}
		{EB5E91E6-BEFC-43CE-9F9C-1A79DCBCFBEF} = {8DCB7BB2-CEEE-40EE-B841-665AEB80F268}
		{74959FA1-C75D-4CCD-BA0D-DA12A53946A1} = {8DCB7BB2-CEEE-40EE-B841-665AEB80F268}
		{9948DAA5-11D5-4EF6-AF2D-A38E139A3A6F} = {036178E2-27E4-4D0B-B034-02745F8190BB}
		{58948991-16C1-487A-8BFE-9F78E529D718} = {9948DAA5-11D5-4EF6-AF2D-A38E139A3A6F}
		{A2785A8A-F4A2-410E-BA02-A1B3E8797D64} = {036178E2-27E4-4D0B-B034-02745F8190BB}
		{8C13DAB5-2D08-467D-89BA-ED2495F117E5} = {A2785A8A-F4A2-410E-BA02-A1B3E8797D64}
		{B0EC9681-4E86-4C12-99BE-B7449A1BD6A1} = {A2785A8A-F4A2-410E-BA02-A1B3E8797D64}
		{DCCE100A-32C3-4A2E-B6AC-D3BFDF08160D} = {B0EC9681-4E86-4C12-99BE-B7449A1BD6A1}
		{04A2215F-625D-43F1-9475-1E1FA5577739} = {B0EC9681-4E86-4C12-99BE-B7449A1BD6A1}
		{6EB4AD22-AF0F-4B4A-88F2-BD2CABD189FC} = {036178E2-27E4-4D0B-B034-02745F8190BB}
		{C54B9C99-8D99-4EFE-B44F-38F3E7D62E59} = {6EB4AD22-AF0F-4B4A-88F2-BD2CABD189FC}
	EndGlobalSection
	GlobalSection(ExtensibilityGlobals) = postSolution
		SolutionGuid = {F60F1DAF-C283-44EA-A3FB-29B705ECAEBA}
	EndGlobalSection
EndGlobal
